
Microsoft Visual Studio Solution File, Format Version 12.00
# Visual Studio 15
VisualStudioVersion = 15.0.28307.136
MinimumVisualStudioVersion = 10.0.40219.1
Project("{8BC9CEB8-8B4A-11D0-8D11-00A0C91BC942}") = "002AddTwoNumbers", "002AddTwoNumbers\AddTwoNumbers.vcxproj", "{7880D484-126E-41E1-9596-5B8752D428E8}"
EndProject
Project("{8BC9CEB8-8B4A-11D0-8D11-00A0C91BC942}") = "004MedianofTwoSortedArrays", "004MedianofTwoSortedArrays\LeetCode4MedianofTwoSortedArrays.vcxproj", "{9D0CA02B-C8D5-417B-9704-D11904C9ADA5}"
EndProject
Project("{8BC9CEB8-8B4A-11D0-8D11-00A0C91BC942}") = "001TwoSum", "001TwoSum\leetcode1TwoSum.vcxproj", "{4CA990F7-6E13-4A21-BF3E-9F6ABB910806}"
EndProject
Project("{8BC9CEB8-8B4A-11D0-8D11-00A0C91BC942}") = "015_3sum", "015_3sum\leetcode15_3sum.vcxproj", "{5029A982-5C74-4A8A-A0E8-EF2EC254CBDF}"
EndProject
Project("{8BC9CEB8-8B4A-11D0-8D11-00A0C91BC942}") = "017LetterCombinations", "017LetterCombinations\17LetterCombinations.vcxproj", "{A0DB2064-6ECA-4BEF-9883-A5E00D369357}"
EndProject
Project("{8BC9CEB8-8B4A-11D0-8D11-00A0C91BC942}") = "019removeNthFromEnd", "019removeNthFromEnd\19removeNthFromEnd.vcxproj", "{C13E8069-2646-4DE2-B5FD-B3FAEF9AA334}"
EndProject
Project("{8BC9CEB8-8B4A-11D0-8D11-00A0C91BC942}") = "016threeSumClosest", "016threeSumClosest\16threeSumClosest.vcxproj", "{CC468E0A-BCEA-485B-9A61-709FC0C832DC}"
EndProject
Project("{8BC9CEB8-8B4A-11D0-8D11-00A0C91BC942}") = "020ValidParentheses", "020ValidParentheses\20ValidParentheses.vcxproj", "{2EB3D6C6-78A6-46CA-B104-AF6BF3FEA4CE}"
EndProject
Project("{8BC9CEB8-8B4A-11D0-8D11-00A0C91BC942}") = "021mergeTwoLists", "021mergeTwoLists\21mergeTwoLists.vcxproj", "{5183DB63-82CB-46DF-A98A-612CC36AEB6B}"
EndProject
Project("{8BC9CEB8-8B4A-11D0-8D11-00A0C91BC942}") = "022generateParenthesis", "022generateParenthesis\22generateParenthesis.vcxproj", "{CFC82D49-66B7-408A-8F1B-B5CF1FB4AA98}"
EndProject
Project("{8BC9CEB8-8B4A-11D0-8D11-00A0C91BC942}") = "031nextPermutation", "031nextPermutation\31nextPermutation.vcxproj", "{99F6758F-192C-421D-9AF6-FBB4B92606DC}"
EndProject
Project("{8BC9CEB8-8B4A-11D0-8D11-00A0C91BC942}") = "032longestValidParentheses", "032longestValidParentheses\32longestValidParentheses.vcxproj", "{997D5DDD-CC2E-4B13-8C77-9BF8B7683BFA}"
EndProject
Project("{8BC9CEB8-8B4A-11D0-8D11-00A0C91BC942}") = "034searchRange", "034searchRange\34searchRange.vcxproj", "{055D6306-8A12-4EAA-B038-3620D5C96DDD}"
EndProject
Project("{8BC9CEB8-8B4A-11D0-8D11-00A0C91BC942}") = "039combinationSum", "039combinationSum\039combinationSum.vcxproj", "{23A0C419-0099-4A2C-883A-F70D8D1FD701}"
EndProject
Project("{8BC9CEB8-8B4A-11D0-8D11-00A0C91BC942}") = "046Permutations", "046Permutations\46Permutations.vcxproj", "{B722A0E9-B701-4E81-A834-B9EC372CCCED}"
EndProject
Project("{8BC9CEB8-8B4A-11D0-8D11-00A0C91BC942}") = "049GroupAnagrams", "049GroupAnagrams\49GroupAnagrams.vcxproj", "{0140BA2F-99E0-4E86-93C0-17AC7DE0887F}"
EndProject
Project("{8BC9CEB8-8B4A-11D0-8D11-00A0C91BC942}") = "053MaximumSubarray", "053MaximumSubarray\53MaximumSubarray.vcxproj", "{7E1A7CAE-7D92-40B9-A476-D71AB57FE989}"
EndProject
Project("{8BC9CEB8-8B4A-11D0-8D11-00A0C91BC942}") = "055JumpGame", "055JumpGame\55JumpGame.vcxproj", "{DFE26D8D-9BED-4554-978D-BDA0363809B9}"
EndProject
Project("{8BC9CEB8-8B4A-11D0-8D11-00A0C91BC942}") = "056MergeIntervals", "056MergeIntervals\56MergeIntervals.vcxproj", "{38433D76-B5EF-4688-945C-D492CBD08828}"
EndProject
Project("{8BC9CEB8-8B4A-11D0-8D11-00A0C91BC942}") = "062UniquePaths", "062UniquePaths\62UniquePaths.vcxproj", "{C3BD81B9-BDF9-4AF8-8E19-B4DE3B60BAC1}"
EndProject
Project("{8BC9CEB8-8B4A-11D0-8D11-00A0C91BC942}") = "064MinimumPathSum", "064MinimumPathSum\64MinimumPathSum.vcxproj", "{05D8DC06-EFCD-4B1F-8A3D-0EE56DC3C003}"
EndProject
Project("{8BC9CEB8-8B4A-11D0-8D11-00A0C91BC942}") = "070ClimbingStairs", "070ClimbingStairs\70ClimbingStairs.vcxproj", "{A0EA9E2B-8BDC-4C82-A6ED-9A762BD6C2F9}"
EndProject
Project("{8BC9CEB8-8B4A-11D0-8D11-00A0C91BC942}") = "075SortColors", "075SortColors\75SortColors.vcxproj", "{043EDAF8-F3D9-48A7-B0A2-F5E6E9DD9F5D}"
EndProject
Project("{8BC9CEB8-8B4A-11D0-8D11-00A0C91BC942}") = "076MinimumWindowSubstring", "076MinimumWindowSubstring\76MinimumWindowSubstring.vcxproj", "{8C8BCE16-24F4-486E-9B4E-D57AAB649268}"
EndProject
Project("{8BC9CEB8-8B4A-11D0-8D11-00A0C91BC942}") = "078Subsets", "078Subsets\78Subsets.vcxproj", "{638779E8-B93D-4E42-B7CA-AB88D8B419AA}"
EndProject
Project("{8BC9CEB8-8B4A-11D0-8D11-00A0C91BC942}") = "079WordSearch", "079WordSearch\79WordSearch.vcxproj", "{65EEE135-153A-4634-A8F8-44B086499192}"
EndProject
Project("{8BC9CEB8-8B4A-11D0-8D11-00A0C91BC942}") = "084LargestRectangleinHistogram", "084LargestRectangleinHistogram\84LargestRectangleinHistogram.vcxproj", "{EDB6472A-B382-4769-BB46-1D090994C36D}"
EndProject
Project("{8BC9CEB8-8B4A-11D0-8D11-00A0C91BC942}") = "094BinaryTreeInorderTraversal", "094BinaryTreeInorderTraversal\94BinaryTreeInorderTraversal.vcxproj", "{E4E8A4C9-840F-4A56-9D2A-85CC0D88359E}"
EndProject
Project("{8BC9CEB8-8B4A-11D0-8D11-00A0C91BC942}") = "098ValidateBinarySearchTree", "098ValidateBinarySearchTree\98ValidateBinarySearchTree.vcxproj", "{AC682D03-24EB-42A8-8B85-41EECCFA06F1}"
EndProject
Project("{8BC9CEB8-8B4A-11D0-8D11-00A0C91BC942}") = "101SymmetricTree", "101SymmetricTree\101SymmetricTree.vcxproj", "{1360F834-72AF-4474-A58F-63C24BFD5321}"
EndProject
Project("{8BC9CEB8-8B4A-11D0-8D11-00A0C91BC942}") = "102BinaryTreeLevelOrderTraversal", "102BinaryTreeLevelOrderTraversal\102BinaryTreeLevelOrderTraversal.vcxproj", "{057A9649-5242-49E8-B491-FAD12C839A93}"
EndProject
Project("{8BC9CEB8-8B4A-11D0-8D11-00A0C91BC942}") = "104MaximumDepthofBinaryTree", "104MaximumDepthofBinaryTree\104MaximumDepthofBinaryTree.vcxproj", "{F3B456DC-1D2A-45EC-99B3-726AD6D32C0F}"
EndProject
Project("{8BC9CEB8-8B4A-11D0-8D11-00A0C91BC942}") = "105ConstructBinaryTree", "105ConstructBinaryTree\105ConstructBinaryTree.vcxproj", "{8E0A6179-9F0F-4619-8CB8-7C3C47328187}"
EndProject
Project("{8BC9CEB8-8B4A-11D0-8D11-00A0C91BC942}") = "136SingleNumber", "136SingleNumber\136SingleNumber.vcxproj", "{26F62028-8937-4D48-A9ED-36472919719A}"
EndProject
Project("{8BC9CEB8-8B4A-11D0-8D11-00A0C91BC942}") = "148SortList", "148SortList\148SortList.vcxproj", "{304FB49B-BF85-4432-B48C-46A657882B3F}"
EndProject
Project("{8BC9CEB8-8B4A-11D0-8D11-00A0C91BC942}") = "152MaximumProductSubarray", "152MaximumProductSubarray\152MaximumProductSubarray.vcxproj", "{E9F82F5C-AF16-4383-A53B-EA952346F5E9}"
EndProject
Project("{8BC9CEB8-8B4A-11D0-8D11-00A0C91BC942}") = "169MajorityElement", "169MajorityElement\169MajorityElement.vcxproj", "{E821D428-DA76-49D3-8D5C-4CF498F40B68}"
EndProject
Project("{8BC9CEB8-8B4A-11D0-8D11-00A0C91BC942}") = "198HouseRobber", "198HouseRobber\198HouseRobber.vcxproj", "{9AFA693A-8E73-401B-B227-7E2546EB082E}"
EndProject
Project("{8BC9CEB8-8B4A-11D0-8D11-00A0C91BC942}") = "200NumberofIslands", "200NumberofIslands\200NumberofIslands.vcxproj", "{FF836BF7-2F90-4072-955A-9F37FE66B82D}"
EndProject
Project("{8BC9CEB8-8B4A-11D0-8D11-00A0C91BC942}") = "206ReverseLinkedList", "206ReverseLinkedList\206ReverseLinkedList.vcxproj", "{8889453F-511C-42CA-8D36-50F3A643820E}"
EndProject
Project("{8BC9CEB8-8B4A-11D0-8D11-00A0C91BC942}") = "207CourseSchedule", "207CourseSchedule\207CourseSchedule.vcxproj", "{A9D6B0D1-7298-4E25-9F5F-58D394CD5D5C}"
EndProject
Project("{8BC9CEB8-8B4A-11D0-8D11-00A0C91BC942}") = "215KthLargestElement", "215KthLargestElement\215KthLargestElement.vcxproj", "{52315E0D-0697-4DCE-BA45-E3D98E50272F}"
EndProject
Project("{8BC9CEB8-8B4A-11D0-8D11-00A0C91BC942}") = "221MaximalSquare", "221MaximalSquare\221MaximalSquare.vcxproj", "{7BD34A2B-F35B-45A5-8E9E-D095D1B3F951}"
EndProject
Project("{8BC9CEB8-8B4A-11D0-8D11-00A0C91BC942}") = "226InvertBinaryTree", "226InvertBinaryTree\226InvertBinaryTree.vcxproj", "{3C72ABEB-1261-466C-BB3B-2C671A923850}"
EndProject
Project("{8BC9CEB8-8B4A-11D0-8D11-00A0C91BC942}") = "234PalindromeLinkedList", "234PalindromeLinkedList\234PalindromeLinkedList.vcxproj", "{C26CB23E-989E-4276-9E66-04D97F29FD22}"
EndProject
Project("{8BC9CEB8-8B4A-11D0-8D11-00A0C91BC942}") = "238ProductofArrayExceptSelf", "238ProductofArrayExceptSelf\238ProductofArrayExceptSelf.vcxproj", "{8EE0A205-9985-46F7-BF4C-B4F95BFA609C}"
EndProject
Project("{8BC9CEB8-8B4A-11D0-8D11-00A0C91BC942}") = "240Search2DMatrixII", "240Search2DMatrixII\240Search2DMatrixII.vcxproj", "{DAD4C8EF-748F-4FD3-A883-666204721675}"
EndProject
Project("{8BC9CEB8-8B4A-11D0-8D11-00A0C91BC942}") = "279PerfectSquares", "279PerfectSquares\279PerfectSquares.vcxproj", "{FAC82F2B-E29B-4539-ADFB-3581C2C8B3CC}"
EndProject
Project("{8BC9CEB8-8B4A-11D0-8D11-00A0C91BC942}") = "283MoveZeroes", "283MoveZeroes\283MoveZeroes.vcxproj", "{F35EDEF5-8B89-4D6D-BA39-989D03907080}"
EndProject
Project("{8BC9CEB8-8B4A-11D0-8D11-00A0C91BC942}") = "287FindtheDuplicateNumber", "287FindtheDuplicateNumber\287FindtheDuplicateNumber.vcxproj", "{ACC2645B-DCE7-4317-B800-239054171C5B}"
EndProject
Project("{8BC9CEB8-8B4A-11D0-8D11-00A0C91BC942}") = "300LongestIncreasingSubsequence", "300LongestIncreasingSubsequence\300LongestIncreasingSubsequence.vcxproj", "{FEB5941A-AAC4-47F2-A464-F5425669EAE7}"
EndProject
Project("{8BC9CEB8-8B4A-11D0-8D11-00A0C91BC942}") = "121BestTimeToBuyAndSellStock", "121BestTimeToBuyAndSellStock\121BestTimeToBuyAndSellStock.vcxproj", "{5D8F110E-C71B-406C-B758-3C868984F1B2}"
EndProject
Project("{8BC9CEB8-8B4A-11D0-8D11-00A0C91BC942}") = "122BestTimetToBuyAndSellStockII", "122BestTimetToBuyAndSellStockII\122BestTimetToBuyAndSellStockII.vcxproj", "{27015EF1-9DF4-4D04-BCAF-150607C34E3F}"
EndProject
Project("{8BC9CEB8-8B4A-11D0-8D11-00A0C91BC942}") = "322CoinChange", "322CoinChange\322CoinChange.vcxproj", "{19D38AE8-EED9-469D-B36E-8268C9273FDD}"
EndProject
Project("{8BC9CEB8-8B4A-11D0-8D11-00A0C91BC942}") = "213HouseRobberII", "213HouseRobberII\213HouseRobberII.vcxproj", "{FCE27D8B-A971-40AE-A2CA-8EB2C4C55711}"
EndProject
Project("{8BC9CEB8-8B4A-11D0-8D11-00A0C91BC942}") = "337HouseRobberIII", "337HouseRobberIII\337HouseRobberIII.vcxproj", "{906A8028-AD52-4C5E-89A6-6C85FCDC0C19}"
EndProject
Project("{8BC9CEB8-8B4A-11D0-8D11-00A0C91BC942}") = "338CountingBits", "338CountingBits\338CountingBits.vcxproj", "{B9B38B23-A738-41D0-88F0-5119ACC26F1A}"
EndProject
Project("{8BC9CEB8-8B4A-11D0-8D11-00A0C91BC942}") = "347TopKFrequentElements", "347TopKFrequentElements\347TopKFrequentElements.vcxproj", "{1F0BFEFD-A6A5-4777-8964-712C75765F30}"
EndProject
Project("{8BC9CEB8-8B4A-11D0-8D11-00A0C91BC942}") = "394DecodeString", "394DecodeString\394DecodeString.vcxproj", "{39CF8438-5B13-4C99-AE85-1D5BEFE08E60}"
EndProject
Project("{8BC9CEB8-8B4A-11D0-8D11-00A0C91BC942}") = "406QueueReconstructionbyHeight", "406QueueReconstructionbyHeight\406QueueReconstructionbyHeight.vcxproj", "{1B3785B0-565B-4E1D-9771-F8410F97A9BD}"
EndProject
Project("{8BC9CEB8-8B4A-11D0-8D11-00A0C91BC942}") = "416PartitionEqualSubsetSum", "416PartitionEqualSubsetSum\416PartitionEqualSubsetSum.vcxproj", "{0741DC99-707A-485D-AB03-BA747068AB51}"
EndProject
Project("{8BC9CEB8-8B4A-11D0-8D11-00A0C91BC942}") = "112PathSum", "112PathSum\112PathSum.vcxproj", "{BEC1D0D4-DF2D-423A-8467-99B78F8185B8}"
EndProject
Project("{8BC9CEB8-8B4A-11D0-8D11-00A0C91BC942}") = "113PathSumII", "113PathSumII\113PathSumII.vcxproj", "{20EF96C8-F06E-4251-9918-C503C1D4B405}"
EndProject
Project("{8BC9CEB8-8B4A-11D0-8D11-00A0C91BC942}") = "437PathSumIII", "437PathSumIII\437PathSumIII.vcxproj", "{5B6D40BF-2A7D-4394-B6EA-1F6AFEF2DFB9}"
EndProject
Project("{8BC9CEB8-8B4A-11D0-8D11-00A0C91BC942}") = "438FindAllAnagramsInString", "438FindAllAnagramsInString\438FindAllAnagramsInString.vcxproj", "{3724449F-8E62-489C-8B13-FA0987961CC3}"
EndProject
Project("{8BC9CEB8-8B4A-11D0-8D11-00A0C91BC942}") = "461HammingDistance", "461HammingDistance\461HammingDistance.vcxproj", "{287DD17E-A8F7-48F8-9430-C4137116552A}"
EndProject
Project("{8BC9CEB8-8B4A-11D0-8D11-00A0C91BC942}") = "494TargetSum", "494TargetSum\494TargetSum.vcxproj", "{CEA45952-FD38-4E7A-B251-B024E77AF47B}"
EndProject
Project("{8BC9CEB8-8B4A-11D0-8D11-00A0C91BC942}") = "538ConvertBSTtoGreaterTree", "538ConvertBSTtoGreaterTree\538ConvertBSTtoGreaterTree.vcxproj", "{043791D0-D493-4A46-A066-DB9E187093E3}"
EndProject
Project("{8BC9CEB8-8B4A-11D0-8D11-00A0C91BC942}") = "543DiameterofBinaryTree", "543DiameterofBinaryTree\543DiameterofBinaryTree.vcxproj", "{89B46C38-47F8-4835-86E7-683A66B75945}"
EndProject
Project("{8BC9CEB8-8B4A-11D0-8D11-00A0C91BC942}") = "560SubarraySumEqualsK", "560SubarraySumEqualsK\560SubarraySumEqualsK.vcxproj", "{C45118F2-36E0-449F-9AE0-1D3D80BFEE37}"
EndProject
Project("{8BC9CEB8-8B4A-11D0-8D11-00A0C91BC942}") = "581ShortestUnsortedContinuousSubarray", "581ShortestUnsortedContinuousSubarray\581ShortestUnsortedContinuousSubarray.vcxproj", "{AB556972-D921-488E-887B-C6DCDB4CFBFE}"
EndProject
Project("{8BC9CEB8-8B4A-11D0-8D11-00A0C91BC942}") = "617MergeTwoBinaryTrees", "617MergeTwoBinaryTrees\617MergeTwoBinaryTrees.vcxproj", "{2B89784C-F3D2-499E-AEFB-4B97C61F2786}"
EndProject
Project("{8BC9CEB8-8B4A-11D0-8D11-00A0C91BC942}") = "120Triangle", "120Triangle\120Triangle.vcxproj", "{52378D40-B3F5-4937-A69A-CF73D542178A}"
EndProject
Project("{8BC9CEB8-8B4A-11D0-8D11-00A0C91BC942}") = "023MergekSortedLists", "023MergekSortedLists\023MergekSortedLists.vcxproj", "{3E44FEA1-39D8-46C5-8DFB-8B9A62AC4426}"
EndProject
Project("{8BC9CEB8-8B4A-11D0-8D11-00A0C91BC942}") = "018_4sum", "018_4sum\018_4sum.vcxproj", "{6DA097CC-4254-4AF3-B9B8-6B9FA07CDCC4}"
EndProject
Project("{8BC9CEB8-8B4A-11D0-8D11-00A0C91BC942}") = "647PalindromicSubstrings", "647PalindromicSubstrings\647PalindromicSubstrings.vcxproj", "{AE52B5B1-30E7-4DD4-AFB9-AFA7D6CA1F00}"
EndProject
Project("{8BC9CEB8-8B4A-11D0-8D11-00A0C91BC942}") = "771JewelsAndStones", "771JewelsAndStones\771JewelsAndStones.vcxproj", "{E0282E1F-C869-430E-8A4F-53C2E317CF22}"
EndProject
Project("{8BC9CEB8-8B4A-11D0-8D11-00A0C91BC942}") = "024SwapNodesInPairs", "024SwapNodesInPairs\024SwapNodesInPairs.vcxproj", "{DB4D3D3A-BD5E-4600-BE23-4E88CDF977B2}"
EndProject
Global
	GlobalSection(SolutionConfigurationPlatforms) = preSolution
		Debug|x64 = Debug|x64
		Debug|x86 = Debug|x86
		Release|x64 = Release|x64
		Release|x86 = Release|x86
	EndGlobalSection
	GlobalSection(ProjectConfigurationPlatforms) = postSolution
		{7880D484-126E-41E1-9596-5B8752D428E8}.Debug|x64.ActiveCfg = Debug|x64
		{7880D484-126E-41E1-9596-5B8752D428E8}.Debug|x64.Build.0 = Debug|x64
		{7880D484-126E-41E1-9596-5B8752D428E8}.Debug|x86.ActiveCfg = Debug|Win32
		{7880D484-126E-41E1-9596-5B8752D428E8}.Debug|x86.Build.0 = Debug|Win32
		{7880D484-126E-41E1-9596-5B8752D428E8}.Release|x64.ActiveCfg = Release|x64
		{7880D484-126E-41E1-9596-5B8752D428E8}.Release|x64.Build.0 = Release|x64
		{7880D484-126E-41E1-9596-5B8752D428E8}.Release|x86.ActiveCfg = Release|Win32
		{7880D484-126E-41E1-9596-5B8752D428E8}.Release|x86.Build.0 = Release|Win32
		{9D0CA02B-C8D5-417B-9704-D11904C9ADA5}.Debug|x64.ActiveCfg = Debug|x64
		{9D0CA02B-C8D5-417B-9704-D11904C9ADA5}.Debug|x64.Build.0 = Debug|x64
		{9D0CA02B-C8D5-417B-9704-D11904C9ADA5}.Debug|x86.ActiveCfg = Debug|Win32
		{9D0CA02B-C8D5-417B-9704-D11904C9ADA5}.Debug|x86.Build.0 = Debug|Win32
		{9D0CA02B-C8D5-417B-9704-D11904C9ADA5}.Release|x64.ActiveCfg = Release|x64
		{9D0CA02B-C8D5-417B-9704-D11904C9ADA5}.Release|x64.Build.0 = Release|x64
		{9D0CA02B-C8D5-417B-9704-D11904C9ADA5}.Release|x86.ActiveCfg = Release|Win32
		{9D0CA02B-C8D5-417B-9704-D11904C9ADA5}.Release|x86.Build.0 = Release|Win32
		{4CA990F7-6E13-4A21-BF3E-9F6ABB910806}.Debug|x64.ActiveCfg = Debug|x64
		{4CA990F7-6E13-4A21-BF3E-9F6ABB910806}.Debug|x64.Build.0 = Debug|x64
		{4CA990F7-6E13-4A21-BF3E-9F6ABB910806}.Debug|x86.ActiveCfg = Debug|Win32
		{4CA990F7-6E13-4A21-BF3E-9F6ABB910806}.Debug|x86.Build.0 = Debug|Win32
		{4CA990F7-6E13-4A21-BF3E-9F6ABB910806}.Release|x64.ActiveCfg = Release|x64
		{4CA990F7-6E13-4A21-BF3E-9F6ABB910806}.Release|x64.Build.0 = Release|x64
		{4CA990F7-6E13-4A21-BF3E-9F6ABB910806}.Release|x86.ActiveCfg = Release|Win32
		{4CA990F7-6E13-4A21-BF3E-9F6ABB910806}.Release|x86.Build.0 = Release|Win32
		{5029A982-5C74-4A8A-A0E8-EF2EC254CBDF}.Debug|x64.ActiveCfg = Debug|x64
		{5029A982-5C74-4A8A-A0E8-EF2EC254CBDF}.Debug|x64.Build.0 = Debug|x64
		{5029A982-5C74-4A8A-A0E8-EF2EC254CBDF}.Debug|x86.ActiveCfg = Debug|Win32
		{5029A982-5C74-4A8A-A0E8-EF2EC254CBDF}.Debug|x86.Build.0 = Debug|Win32
		{5029A982-5C74-4A8A-A0E8-EF2EC254CBDF}.Release|x64.ActiveCfg = Release|x64
		{5029A982-5C74-4A8A-A0E8-EF2EC254CBDF}.Release|x64.Build.0 = Release|x64
		{5029A982-5C74-4A8A-A0E8-EF2EC254CBDF}.Release|x86.ActiveCfg = Release|Win32
		{5029A982-5C74-4A8A-A0E8-EF2EC254CBDF}.Release|x86.Build.0 = Release|Win32
		{A0DB2064-6ECA-4BEF-9883-A5E00D369357}.Debug|x64.ActiveCfg = Debug|x64
		{A0DB2064-6ECA-4BEF-9883-A5E00D369357}.Debug|x64.Build.0 = Debug|x64
		{A0DB2064-6ECA-4BEF-9883-A5E00D369357}.Debug|x86.ActiveCfg = Debug|Win32
		{A0DB2064-6ECA-4BEF-9883-A5E00D369357}.Debug|x86.Build.0 = Debug|Win32
		{A0DB2064-6ECA-4BEF-9883-A5E00D369357}.Release|x64.ActiveCfg = Release|x64
		{A0DB2064-6ECA-4BEF-9883-A5E00D369357}.Release|x64.Build.0 = Release|x64
		{A0DB2064-6ECA-4BEF-9883-A5E00D369357}.Release|x86.ActiveCfg = Release|Win32
		{A0DB2064-6ECA-4BEF-9883-A5E00D369357}.Release|x86.Build.0 = Release|Win32
		{C13E8069-2646-4DE2-B5FD-B3FAEF9AA334}.Debug|x64.ActiveCfg = Debug|x64
		{C13E8069-2646-4DE2-B5FD-B3FAEF9AA334}.Debug|x64.Build.0 = Debug|x64
		{C13E8069-2646-4DE2-B5FD-B3FAEF9AA334}.Debug|x86.ActiveCfg = Debug|Win32
		{C13E8069-2646-4DE2-B5FD-B3FAEF9AA334}.Debug|x86.Build.0 = Debug|Win32
		{C13E8069-2646-4DE2-B5FD-B3FAEF9AA334}.Release|x64.ActiveCfg = Release|x64
		{C13E8069-2646-4DE2-B5FD-B3FAEF9AA334}.Release|x64.Build.0 = Release|x64
		{C13E8069-2646-4DE2-B5FD-B3FAEF9AA334}.Release|x86.ActiveCfg = Release|Win32
		{C13E8069-2646-4DE2-B5FD-B3FAEF9AA334}.Release|x86.Build.0 = Release|Win32
		{CC468E0A-BCEA-485B-9A61-709FC0C832DC}.Debug|x64.ActiveCfg = Debug|x64
		{CC468E0A-BCEA-485B-9A61-709FC0C832DC}.Debug|x64.Build.0 = Debug|x64
		{CC468E0A-BCEA-485B-9A61-709FC0C832DC}.Debug|x86.ActiveCfg = Debug|Win32
		{CC468E0A-BCEA-485B-9A61-709FC0C832DC}.Debug|x86.Build.0 = Debug|Win32
		{CC468E0A-BCEA-485B-9A61-709FC0C832DC}.Release|x64.ActiveCfg = Release|x64
		{CC468E0A-BCEA-485B-9A61-709FC0C832DC}.Release|x64.Build.0 = Release|x64
		{CC468E0A-BCEA-485B-9A61-709FC0C832DC}.Release|x86.ActiveCfg = Release|Win32
		{CC468E0A-BCEA-485B-9A61-709FC0C832DC}.Release|x86.Build.0 = Release|Win32
		{2EB3D6C6-78A6-46CA-B104-AF6BF3FEA4CE}.Debug|x64.ActiveCfg = Debug|x64
		{2EB3D6C6-78A6-46CA-B104-AF6BF3FEA4CE}.Debug|x64.Build.0 = Debug|x64
		{2EB3D6C6-78A6-46CA-B104-AF6BF3FEA4CE}.Debug|x86.ActiveCfg = Debug|Win32
		{2EB3D6C6-78A6-46CA-B104-AF6BF3FEA4CE}.Debug|x86.Build.0 = Debug|Win32
		{2EB3D6C6-78A6-46CA-B104-AF6BF3FEA4CE}.Release|x64.ActiveCfg = Release|x64
		{2EB3D6C6-78A6-46CA-B104-AF6BF3FEA4CE}.Release|x64.Build.0 = Release|x64
		{2EB3D6C6-78A6-46CA-B104-AF6BF3FEA4CE}.Release|x86.ActiveCfg = Release|Win32
		{2EB3D6C6-78A6-46CA-B104-AF6BF3FEA4CE}.Release|x86.Build.0 = Release|Win32
		{5183DB63-82CB-46DF-A98A-612CC36AEB6B}.Debug|x64.ActiveCfg = Debug|x64
		{5183DB63-82CB-46DF-A98A-612CC36AEB6B}.Debug|x64.Build.0 = Debug|x64
		{5183DB63-82CB-46DF-A98A-612CC36AEB6B}.Debug|x86.ActiveCfg = Debug|Win32
		{5183DB63-82CB-46DF-A98A-612CC36AEB6B}.Debug|x86.Build.0 = Debug|Win32
		{5183DB63-82CB-46DF-A98A-612CC36AEB6B}.Release|x64.ActiveCfg = Release|x64
		{5183DB63-82CB-46DF-A98A-612CC36AEB6B}.Release|x64.Build.0 = Release|x64
		{5183DB63-82CB-46DF-A98A-612CC36AEB6B}.Release|x86.ActiveCfg = Release|Win32
		{5183DB63-82CB-46DF-A98A-612CC36AEB6B}.Release|x86.Build.0 = Release|Win32
		{CFC82D49-66B7-408A-8F1B-B5CF1FB4AA98}.Debug|x64.ActiveCfg = Debug|x64
		{CFC82D49-66B7-408A-8F1B-B5CF1FB4AA98}.Debug|x64.Build.0 = Debug|x64
		{CFC82D49-66B7-408A-8F1B-B5CF1FB4AA98}.Debug|x86.ActiveCfg = Debug|Win32
		{CFC82D49-66B7-408A-8F1B-B5CF1FB4AA98}.Debug|x86.Build.0 = Debug|Win32
		{CFC82D49-66B7-408A-8F1B-B5CF1FB4AA98}.Release|x64.ActiveCfg = Release|x64
		{CFC82D49-66B7-408A-8F1B-B5CF1FB4AA98}.Release|x64.Build.0 = Release|x64
		{CFC82D49-66B7-408A-8F1B-B5CF1FB4AA98}.Release|x86.ActiveCfg = Release|Win32
		{CFC82D49-66B7-408A-8F1B-B5CF1FB4AA98}.Release|x86.Build.0 = Release|Win32
		{99F6758F-192C-421D-9AF6-FBB4B92606DC}.Debug|x64.ActiveCfg = Debug|x64
		{99F6758F-192C-421D-9AF6-FBB4B92606DC}.Debug|x64.Build.0 = Debug|x64
		{99F6758F-192C-421D-9AF6-FBB4B92606DC}.Debug|x86.ActiveCfg = Debug|Win32
		{99F6758F-192C-421D-9AF6-FBB4B92606DC}.Debug|x86.Build.0 = Debug|Win32
		{99F6758F-192C-421D-9AF6-FBB4B92606DC}.Release|x64.ActiveCfg = Release|x64
		{99F6758F-192C-421D-9AF6-FBB4B92606DC}.Release|x64.Build.0 = Release|x64
		{99F6758F-192C-421D-9AF6-FBB4B92606DC}.Release|x86.ActiveCfg = Release|Win32
		{99F6758F-192C-421D-9AF6-FBB4B92606DC}.Release|x86.Build.0 = Release|Win32
		{997D5DDD-CC2E-4B13-8C77-9BF8B7683BFA}.Debug|x64.ActiveCfg = Debug|x64
		{997D5DDD-CC2E-4B13-8C77-9BF8B7683BFA}.Debug|x64.Build.0 = Debug|x64
		{997D5DDD-CC2E-4B13-8C77-9BF8B7683BFA}.Debug|x86.ActiveCfg = Debug|Win32
		{997D5DDD-CC2E-4B13-8C77-9BF8B7683BFA}.Debug|x86.Build.0 = Debug|Win32
		{997D5DDD-CC2E-4B13-8C77-9BF8B7683BFA}.Release|x64.ActiveCfg = Release|x64
		{997D5DDD-CC2E-4B13-8C77-9BF8B7683BFA}.Release|x64.Build.0 = Release|x64
		{997D5DDD-CC2E-4B13-8C77-9BF8B7683BFA}.Release|x86.ActiveCfg = Release|Win32
		{997D5DDD-CC2E-4B13-8C77-9BF8B7683BFA}.Release|x86.Build.0 = Release|Win32
		{055D6306-8A12-4EAA-B038-3620D5C96DDD}.Debug|x64.ActiveCfg = Debug|x64
		{055D6306-8A12-4EAA-B038-3620D5C96DDD}.Debug|x64.Build.0 = Debug|x64
		{055D6306-8A12-4EAA-B038-3620D5C96DDD}.Debug|x86.ActiveCfg = Debug|Win32
		{055D6306-8A12-4EAA-B038-3620D5C96DDD}.Debug|x86.Build.0 = Debug|Win32
		{055D6306-8A12-4EAA-B038-3620D5C96DDD}.Release|x64.ActiveCfg = Release|x64
		{055D6306-8A12-4EAA-B038-3620D5C96DDD}.Release|x64.Build.0 = Release|x64
		{055D6306-8A12-4EAA-B038-3620D5C96DDD}.Release|x86.ActiveCfg = Release|Win32
		{055D6306-8A12-4EAA-B038-3620D5C96DDD}.Release|x86.Build.0 = Release|Win32
		{23A0C419-0099-4A2C-883A-F70D8D1FD701}.Debug|x64.ActiveCfg = Debug|x64
		{23A0C419-0099-4A2C-883A-F70D8D1FD701}.Debug|x64.Build.0 = Debug|x64
		{23A0C419-0099-4A2C-883A-F70D8D1FD701}.Debug|x86.ActiveCfg = Debug|Win32
		{23A0C419-0099-4A2C-883A-F70D8D1FD701}.Debug|x86.Build.0 = Debug|Win32
		{23A0C419-0099-4A2C-883A-F70D8D1FD701}.Release|x64.ActiveCfg = Release|x64
		{23A0C419-0099-4A2C-883A-F70D8D1FD701}.Release|x64.Build.0 = Release|x64
		{23A0C419-0099-4A2C-883A-F70D8D1FD701}.Release|x86.ActiveCfg = Release|Win32
		{23A0C419-0099-4A2C-883A-F70D8D1FD701}.Release|x86.Build.0 = Release|Win32
		{B722A0E9-B701-4E81-A834-B9EC372CCCED}.Debug|x64.ActiveCfg = Debug|x64
		{B722A0E9-B701-4E81-A834-B9EC372CCCED}.Debug|x64.Build.0 = Debug|x64
		{B722A0E9-B701-4E81-A834-B9EC372CCCED}.Debug|x86.ActiveCfg = Debug|Win32
		{B722A0E9-B701-4E81-A834-B9EC372CCCED}.Debug|x86.Build.0 = Debug|Win32
		{B722A0E9-B701-4E81-A834-B9EC372CCCED}.Release|x64.ActiveCfg = Release|x64
		{B722A0E9-B701-4E81-A834-B9EC372CCCED}.Release|x64.Build.0 = Release|x64
		{B722A0E9-B701-4E81-A834-B9EC372CCCED}.Release|x86.ActiveCfg = Release|Win32
		{B722A0E9-B701-4E81-A834-B9EC372CCCED}.Release|x86.Build.0 = Release|Win32
		{0140BA2F-99E0-4E86-93C0-17AC7DE0887F}.Debug|x64.ActiveCfg = Debug|x64
		{0140BA2F-99E0-4E86-93C0-17AC7DE0887F}.Debug|x64.Build.0 = Debug|x64
		{0140BA2F-99E0-4E86-93C0-17AC7DE0887F}.Debug|x86.ActiveCfg = Debug|Win32
		{0140BA2F-99E0-4E86-93C0-17AC7DE0887F}.Debug|x86.Build.0 = Debug|Win32
		{0140BA2F-99E0-4E86-93C0-17AC7DE0887F}.Release|x64.ActiveCfg = Release|x64
		{0140BA2F-99E0-4E86-93C0-17AC7DE0887F}.Release|x64.Build.0 = Release|x64
		{0140BA2F-99E0-4E86-93C0-17AC7DE0887F}.Release|x86.ActiveCfg = Release|Win32
		{0140BA2F-99E0-4E86-93C0-17AC7DE0887F}.Release|x86.Build.0 = Release|Win32
		{7E1A7CAE-7D92-40B9-A476-D71AB57FE989}.Debug|x64.ActiveCfg = Debug|x64
		{7E1A7CAE-7D92-40B9-A476-D71AB57FE989}.Debug|x64.Build.0 = Debug|x64
		{7E1A7CAE-7D92-40B9-A476-D71AB57FE989}.Debug|x86.ActiveCfg = Debug|Win32
		{7E1A7CAE-7D92-40B9-A476-D71AB57FE989}.Debug|x86.Build.0 = Debug|Win32
		{7E1A7CAE-7D92-40B9-A476-D71AB57FE989}.Release|x64.ActiveCfg = Release|x64
		{7E1A7CAE-7D92-40B9-A476-D71AB57FE989}.Release|x64.Build.0 = Release|x64
		{7E1A7CAE-7D92-40B9-A476-D71AB57FE989}.Release|x86.ActiveCfg = Release|Win32
		{7E1A7CAE-7D92-40B9-A476-D71AB57FE989}.Release|x86.Build.0 = Release|Win32
		{DFE26D8D-9BED-4554-978D-BDA0363809B9}.Debug|x64.ActiveCfg = Debug|x64
		{DFE26D8D-9BED-4554-978D-BDA0363809B9}.Debug|x64.Build.0 = Debug|x64
		{DFE26D8D-9BED-4554-978D-BDA0363809B9}.Debug|x86.ActiveCfg = Debug|Win32
		{DFE26D8D-9BED-4554-978D-BDA0363809B9}.Debug|x86.Build.0 = Debug|Win32
		{DFE26D8D-9BED-4554-978D-BDA0363809B9}.Release|x64.ActiveCfg = Release|x64
		{DFE26D8D-9BED-4554-978D-BDA0363809B9}.Release|x64.Build.0 = Release|x64
		{DFE26D8D-9BED-4554-978D-BDA0363809B9}.Release|x86.ActiveCfg = Release|Win32
		{DFE26D8D-9BED-4554-978D-BDA0363809B9}.Release|x86.Build.0 = Release|Win32
		{38433D76-B5EF-4688-945C-D492CBD08828}.Debug|x64.ActiveCfg = Debug|x64
		{38433D76-B5EF-4688-945C-D492CBD08828}.Debug|x64.Build.0 = Debug|x64
		{38433D76-B5EF-4688-945C-D492CBD08828}.Debug|x86.ActiveCfg = Debug|Win32
		{38433D76-B5EF-4688-945C-D492CBD08828}.Debug|x86.Build.0 = Debug|Win32
		{38433D76-B5EF-4688-945C-D492CBD08828}.Release|x64.ActiveCfg = Release|x64
		{38433D76-B5EF-4688-945C-D492CBD08828}.Release|x64.Build.0 = Release|x64
		{38433D76-B5EF-4688-945C-D492CBD08828}.Release|x86.ActiveCfg = Release|Win32
		{38433D76-B5EF-4688-945C-D492CBD08828}.Release|x86.Build.0 = Release|Win32
		{C3BD81B9-BDF9-4AF8-8E19-B4DE3B60BAC1}.Debug|x64.ActiveCfg = Debug|x64
		{C3BD81B9-BDF9-4AF8-8E19-B4DE3B60BAC1}.Debug|x64.Build.0 = Debug|x64
		{C3BD81B9-BDF9-4AF8-8E19-B4DE3B60BAC1}.Debug|x86.ActiveCfg = Debug|Win32
		{C3BD81B9-BDF9-4AF8-8E19-B4DE3B60BAC1}.Debug|x86.Build.0 = Debug|Win32
		{C3BD81B9-BDF9-4AF8-8E19-B4DE3B60BAC1}.Release|x64.ActiveCfg = Release|x64
		{C3BD81B9-BDF9-4AF8-8E19-B4DE3B60BAC1}.Release|x64.Build.0 = Release|x64
		{C3BD81B9-BDF9-4AF8-8E19-B4DE3B60BAC1}.Release|x86.ActiveCfg = Release|Win32
		{C3BD81B9-BDF9-4AF8-8E19-B4DE3B60BAC1}.Release|x86.Build.0 = Release|Win32
		{05D8DC06-EFCD-4B1F-8A3D-0EE56DC3C003}.Debug|x64.ActiveCfg = Debug|x64
		{05D8DC06-EFCD-4B1F-8A3D-0EE56DC3C003}.Debug|x64.Build.0 = Debug|x64
		{05D8DC06-EFCD-4B1F-8A3D-0EE56DC3C003}.Debug|x86.ActiveCfg = Debug|Win32
		{05D8DC06-EFCD-4B1F-8A3D-0EE56DC3C003}.Debug|x86.Build.0 = Debug|Win32
		{05D8DC06-EFCD-4B1F-8A3D-0EE56DC3C003}.Release|x64.ActiveCfg = Release|x64
		{05D8DC06-EFCD-4B1F-8A3D-0EE56DC3C003}.Release|x64.Build.0 = Release|x64
		{05D8DC06-EFCD-4B1F-8A3D-0EE56DC3C003}.Release|x86.ActiveCfg = Release|Win32
		{05D8DC06-EFCD-4B1F-8A3D-0EE56DC3C003}.Release|x86.Build.0 = Release|Win32
		{A0EA9E2B-8BDC-4C82-A6ED-9A762BD6C2F9}.Debug|x64.ActiveCfg = Debug|x64
		{A0EA9E2B-8BDC-4C82-A6ED-9A762BD6C2F9}.Debug|x64.Build.0 = Debug|x64
		{A0EA9E2B-8BDC-4C82-A6ED-9A762BD6C2F9}.Debug|x86.ActiveCfg = Debug|Win32
		{A0EA9E2B-8BDC-4C82-A6ED-9A762BD6C2F9}.Debug|x86.Build.0 = Debug|Win32
		{A0EA9E2B-8BDC-4C82-A6ED-9A762BD6C2F9}.Release|x64.ActiveCfg = Release|x64
		{A0EA9E2B-8BDC-4C82-A6ED-9A762BD6C2F9}.Release|x64.Build.0 = Release|x64
		{A0EA9E2B-8BDC-4C82-A6ED-9A762BD6C2F9}.Release|x86.ActiveCfg = Release|Win32
		{A0EA9E2B-8BDC-4C82-A6ED-9A762BD6C2F9}.Release|x86.Build.0 = Release|Win32
		{043EDAF8-F3D9-48A7-B0A2-F5E6E9DD9F5D}.Debug|x64.ActiveCfg = Debug|x64
		{043EDAF8-F3D9-48A7-B0A2-F5E6E9DD9F5D}.Debug|x64.Build.0 = Debug|x64
		{043EDAF8-F3D9-48A7-B0A2-F5E6E9DD9F5D}.Debug|x86.ActiveCfg = Debug|Win32
		{043EDAF8-F3D9-48A7-B0A2-F5E6E9DD9F5D}.Debug|x86.Build.0 = Debug|Win32
		{043EDAF8-F3D9-48A7-B0A2-F5E6E9DD9F5D}.Release|x64.ActiveCfg = Release|x64
		{043EDAF8-F3D9-48A7-B0A2-F5E6E9DD9F5D}.Release|x64.Build.0 = Release|x64
		{043EDAF8-F3D9-48A7-B0A2-F5E6E9DD9F5D}.Release|x86.ActiveCfg = Release|Win32
		{043EDAF8-F3D9-48A7-B0A2-F5E6E9DD9F5D}.Release|x86.Build.0 = Release|Win32
		{8C8BCE16-24F4-486E-9B4E-D57AAB649268}.Debug|x64.ActiveCfg = Debug|x64
		{8C8BCE16-24F4-486E-9B4E-D57AAB649268}.Debug|x64.Build.0 = Debug|x64
		{8C8BCE16-24F4-486E-9B4E-D57AAB649268}.Debug|x86.ActiveCfg = Debug|Win32
		{8C8BCE16-24F4-486E-9B4E-D57AAB649268}.Debug|x86.Build.0 = Debug|Win32
		{8C8BCE16-24F4-486E-9B4E-D57AAB649268}.Release|x64.ActiveCfg = Release|x64
		{8C8BCE16-24F4-486E-9B4E-D57AAB649268}.Release|x64.Build.0 = Release|x64
		{8C8BCE16-24F4-486E-9B4E-D57AAB649268}.Release|x86.ActiveCfg = Release|Win32
		{8C8BCE16-24F4-486E-9B4E-D57AAB649268}.Release|x86.Build.0 = Release|Win32
		{638779E8-B93D-4E42-B7CA-AB88D8B419AA}.Debug|x64.ActiveCfg = Debug|x64
		{638779E8-B93D-4E42-B7CA-AB88D8B419AA}.Debug|x64.Build.0 = Debug|x64
		{638779E8-B93D-4E42-B7CA-AB88D8B419AA}.Debug|x86.ActiveCfg = Debug|Win32
		{638779E8-B93D-4E42-B7CA-AB88D8B419AA}.Debug|x86.Build.0 = Debug|Win32
		{638779E8-B93D-4E42-B7CA-AB88D8B419AA}.Release|x64.ActiveCfg = Release|x64
		{638779E8-B93D-4E42-B7CA-AB88D8B419AA}.Release|x64.Build.0 = Release|x64
		{638779E8-B93D-4E42-B7CA-AB88D8B419AA}.Release|x86.ActiveCfg = Release|Win32
		{638779E8-B93D-4E42-B7CA-AB88D8B419AA}.Release|x86.Build.0 = Release|Win32
		{65EEE135-153A-4634-A8F8-44B086499192}.Debug|x64.ActiveCfg = Debug|x64
		{65EEE135-153A-4634-A8F8-44B086499192}.Debug|x64.Build.0 = Debug|x64
		{65EEE135-153A-4634-A8F8-44B086499192}.Debug|x86.ActiveCfg = Debug|Win32
		{65EEE135-153A-4634-A8F8-44B086499192}.Debug|x86.Build.0 = Debug|Win32
		{65EEE135-153A-4634-A8F8-44B086499192}.Release|x64.ActiveCfg = Release|x64
		{65EEE135-153A-4634-A8F8-44B086499192}.Release|x64.Build.0 = Release|x64
		{65EEE135-153A-4634-A8F8-44B086499192}.Release|x86.ActiveCfg = Release|Win32
		{65EEE135-153A-4634-A8F8-44B086499192}.Release|x86.Build.0 = Release|Win32
		{EDB6472A-B382-4769-BB46-1D090994C36D}.Debug|x64.ActiveCfg = Debug|x64
		{EDB6472A-B382-4769-BB46-1D090994C36D}.Debug|x64.Build.0 = Debug|x64
		{EDB6472A-B382-4769-BB46-1D090994C36D}.Debug|x86.ActiveCfg = Debug|Win32
		{EDB6472A-B382-4769-BB46-1D090994C36D}.Debug|x86.Build.0 = Debug|Win32
		{EDB6472A-B382-4769-BB46-1D090994C36D}.Release|x64.ActiveCfg = Release|x64
		{EDB6472A-B382-4769-BB46-1D090994C36D}.Release|x64.Build.0 = Release|x64
		{EDB6472A-B382-4769-BB46-1D090994C36D}.Release|x86.ActiveCfg = Release|Win32
		{EDB6472A-B382-4769-BB46-1D090994C36D}.Release|x86.Build.0 = Release|Win32
		{E4E8A4C9-840F-4A56-9D2A-85CC0D88359E}.Debug|x64.ActiveCfg = Debug|x64
		{E4E8A4C9-840F-4A56-9D2A-85CC0D88359E}.Debug|x64.Build.0 = Debug|x64
		{E4E8A4C9-840F-4A56-9D2A-85CC0D88359E}.Debug|x86.ActiveCfg = Debug|Win32
		{E4E8A4C9-840F-4A56-9D2A-85CC0D88359E}.Debug|x86.Build.0 = Debug|Win32
		{E4E8A4C9-840F-4A56-9D2A-85CC0D88359E}.Release|x64.ActiveCfg = Release|x64
		{E4E8A4C9-840F-4A56-9D2A-85CC0D88359E}.Release|x64.Build.0 = Release|x64
		{E4E8A4C9-840F-4A56-9D2A-85CC0D88359E}.Release|x86.ActiveCfg = Release|Win32
		{E4E8A4C9-840F-4A56-9D2A-85CC0D88359E}.Release|x86.Build.0 = Release|Win32
		{AC682D03-24EB-42A8-8B85-41EECCFA06F1}.Debug|x64.ActiveCfg = Debug|x64
		{AC682D03-24EB-42A8-8B85-41EECCFA06F1}.Debug|x64.Build.0 = Debug|x64
		{AC682D03-24EB-42A8-8B85-41EECCFA06F1}.Debug|x86.ActiveCfg = Debug|Win32
		{AC682D03-24EB-42A8-8B85-41EECCFA06F1}.Debug|x86.Build.0 = Debug|Win32
		{AC682D03-24EB-42A8-8B85-41EECCFA06F1}.Release|x64.ActiveCfg = Release|x64
		{AC682D03-24EB-42A8-8B85-41EECCFA06F1}.Release|x64.Build.0 = Release|x64
		{AC682D03-24EB-42A8-8B85-41EECCFA06F1}.Release|x86.ActiveCfg = Release|Win32
		{AC682D03-24EB-42A8-8B85-41EECCFA06F1}.Release|x86.Build.0 = Release|Win32
		{1360F834-72AF-4474-A58F-63C24BFD5321}.Debug|x64.ActiveCfg = Debug|x64
		{1360F834-72AF-4474-A58F-63C24BFD5321}.Debug|x64.Build.0 = Debug|x64
		{1360F834-72AF-4474-A58F-63C24BFD5321}.Debug|x86.ActiveCfg = Debug|Win32
		{1360F834-72AF-4474-A58F-63C24BFD5321}.Debug|x86.Build.0 = Debug|Win32
		{1360F834-72AF-4474-A58F-63C24BFD5321}.Release|x64.ActiveCfg = Release|x64
		{1360F834-72AF-4474-A58F-63C24BFD5321}.Release|x64.Build.0 = Release|x64
		{1360F834-72AF-4474-A58F-63C24BFD5321}.Release|x86.ActiveCfg = Release|Win32
		{1360F834-72AF-4474-A58F-63C24BFD5321}.Release|x86.Build.0 = Release|Win32
		{057A9649-5242-49E8-B491-FAD12C839A93}.Debug|x64.ActiveCfg = Debug|x64
		{057A9649-5242-49E8-B491-FAD12C839A93}.Debug|x64.Build.0 = Debug|x64
		{057A9649-5242-49E8-B491-FAD12C839A93}.Debug|x86.ActiveCfg = Debug|Win32
		{057A9649-5242-49E8-B491-FAD12C839A93}.Debug|x86.Build.0 = Debug|Win32
		{057A9649-5242-49E8-B491-FAD12C839A93}.Release|x64.ActiveCfg = Release|x64
		{057A9649-5242-49E8-B491-FAD12C839A93}.Release|x64.Build.0 = Release|x64
		{057A9649-5242-49E8-B491-FAD12C839A93}.Release|x86.ActiveCfg = Release|Win32
		{057A9649-5242-49E8-B491-FAD12C839A93}.Release|x86.Build.0 = Release|Win32
		{F3B456DC-1D2A-45EC-99B3-726AD6D32C0F}.Debug|x64.ActiveCfg = Debug|x64
		{F3B456DC-1D2A-45EC-99B3-726AD6D32C0F}.Debug|x64.Build.0 = Debug|x64
		{F3B456DC-1D2A-45EC-99B3-726AD6D32C0F}.Debug|x86.ActiveCfg = Debug|Win32
		{F3B456DC-1D2A-45EC-99B3-726AD6D32C0F}.Debug|x86.Build.0 = Debug|Win32
		{F3B456DC-1D2A-45EC-99B3-726AD6D32C0F}.Release|x64.ActiveCfg = Release|x64
		{F3B456DC-1D2A-45EC-99B3-726AD6D32C0F}.Release|x64.Build.0 = Release|x64
		{F3B456DC-1D2A-45EC-99B3-726AD6D32C0F}.Release|x86.ActiveCfg = Release|Win32
		{F3B456DC-1D2A-45EC-99B3-726AD6D32C0F}.Release|x86.Build.0 = Release|Win32
		{8E0A6179-9F0F-4619-8CB8-7C3C47328187}.Debug|x64.ActiveCfg = Debug|x64
		{8E0A6179-9F0F-4619-8CB8-7C3C47328187}.Debug|x64.Build.0 = Debug|x64
		{8E0A6179-9F0F-4619-8CB8-7C3C47328187}.Debug|x86.ActiveCfg = Debug|Win32
		{8E0A6179-9F0F-4619-8CB8-7C3C47328187}.Debug|x86.Build.0 = Debug|Win32
		{8E0A6179-9F0F-4619-8CB8-7C3C47328187}.Release|x64.ActiveCfg = Release|x64
		{8E0A6179-9F0F-4619-8CB8-7C3C47328187}.Release|x64.Build.0 = Release|x64
		{8E0A6179-9F0F-4619-8CB8-7C3C47328187}.Release|x86.ActiveCfg = Release|Win32
		{8E0A6179-9F0F-4619-8CB8-7C3C47328187}.Release|x86.Build.0 = Release|Win32
		{26F62028-8937-4D48-A9ED-36472919719A}.Debug|x64.ActiveCfg = Debug|x64
		{26F62028-8937-4D48-A9ED-36472919719A}.Debug|x64.Build.0 = Debug|x64
		{26F62028-8937-4D48-A9ED-36472919719A}.Debug|x86.ActiveCfg = Debug|Win32
		{26F62028-8937-4D48-A9ED-36472919719A}.Debug|x86.Build.0 = Debug|Win32
		{26F62028-8937-4D48-A9ED-36472919719A}.Release|x64.ActiveCfg = Release|x64
		{26F62028-8937-4D48-A9ED-36472919719A}.Release|x64.Build.0 = Release|x64
		{26F62028-8937-4D48-A9ED-36472919719A}.Release|x86.ActiveCfg = Release|Win32
		{26F62028-8937-4D48-A9ED-36472919719A}.Release|x86.Build.0 = Release|Win32
		{304FB49B-BF85-4432-B48C-46A657882B3F}.Debug|x64.ActiveCfg = Debug|x64
		{304FB49B-BF85-4432-B48C-46A657882B3F}.Debug|x64.Build.0 = Debug|x64
		{304FB49B-BF85-4432-B48C-46A657882B3F}.Debug|x86.ActiveCfg = Debug|Win32
		{304FB49B-BF85-4432-B48C-46A657882B3F}.Debug|x86.Build.0 = Debug|Win32
		{304FB49B-BF85-4432-B48C-46A657882B3F}.Release|x64.ActiveCfg = Release|x64
		{304FB49B-BF85-4432-B48C-46A657882B3F}.Release|x64.Build.0 = Release|x64
		{304FB49B-BF85-4432-B48C-46A657882B3F}.Release|x86.ActiveCfg = Release|Win32
		{304FB49B-BF85-4432-B48C-46A657882B3F}.Release|x86.Build.0 = Release|Win32
		{E9F82F5C-AF16-4383-A53B-EA952346F5E9}.Debug|x64.ActiveCfg = Debug|x64
		{E9F82F5C-AF16-4383-A53B-EA952346F5E9}.Debug|x64.Build.0 = Debug|x64
		{E9F82F5C-AF16-4383-A53B-EA952346F5E9}.Debug|x86.ActiveCfg = Debug|Win32
		{E9F82F5C-AF16-4383-A53B-EA952346F5E9}.Debug|x86.Build.0 = Debug|Win32
		{E9F82F5C-AF16-4383-A53B-EA952346F5E9}.Release|x64.ActiveCfg = Release|x64
		{E9F82F5C-AF16-4383-A53B-EA952346F5E9}.Release|x64.Build.0 = Release|x64
		{E9F82F5C-AF16-4383-A53B-EA952346F5E9}.Release|x86.ActiveCfg = Release|Win32
		{E9F82F5C-AF16-4383-A53B-EA952346F5E9}.Release|x86.Build.0 = Release|Win32
		{E821D428-DA76-49D3-8D5C-4CF498F40B68}.Debug|x64.ActiveCfg = Debug|x64
		{E821D428-DA76-49D3-8D5C-4CF498F40B68}.Debug|x64.Build.0 = Debug|x64
		{E821D428-DA76-49D3-8D5C-4CF498F40B68}.Debug|x86.ActiveCfg = Debug|Win32
		{E821D428-DA76-49D3-8D5C-4CF498F40B68}.Debug|x86.Build.0 = Debug|Win32
		{E821D428-DA76-49D3-8D5C-4CF498F40B68}.Release|x64.ActiveCfg = Release|x64
		{E821D428-DA76-49D3-8D5C-4CF498F40B68}.Release|x64.Build.0 = Release|x64
		{E821D428-DA76-49D3-8D5C-4CF498F40B68}.Release|x86.ActiveCfg = Release|Win32
		{E821D428-DA76-49D3-8D5C-4CF498F40B68}.Release|x86.Build.0 = Release|Win32
		{9AFA693A-8E73-401B-B227-7E2546EB082E}.Debug|x64.ActiveCfg = Debug|x64
		{9AFA693A-8E73-401B-B227-7E2546EB082E}.Debug|x64.Build.0 = Debug|x64
		{9AFA693A-8E73-401B-B227-7E2546EB082E}.Debug|x86.ActiveCfg = Debug|Win32
		{9AFA693A-8E73-401B-B227-7E2546EB082E}.Debug|x86.Build.0 = Debug|Win32
		{9AFA693A-8E73-401B-B227-7E2546EB082E}.Release|x64.ActiveCfg = Release|x64
		{9AFA693A-8E73-401B-B227-7E2546EB082E}.Release|x64.Build.0 = Release|x64
		{9AFA693A-8E73-401B-B227-7E2546EB082E}.Release|x86.ActiveCfg = Release|Win32
		{9AFA693A-8E73-401B-B227-7E2546EB082E}.Release|x86.Build.0 = Release|Win32
		{FF836BF7-2F90-4072-955A-9F37FE66B82D}.Debug|x64.ActiveCfg = Debug|x64
		{FF836BF7-2F90-4072-955A-9F37FE66B82D}.Debug|x64.Build.0 = Debug|x64
		{FF836BF7-2F90-4072-955A-9F37FE66B82D}.Debug|x86.ActiveCfg = Debug|Win32
		{FF836BF7-2F90-4072-955A-9F37FE66B82D}.Debug|x86.Build.0 = Debug|Win32
		{FF836BF7-2F90-4072-955A-9F37FE66B82D}.Release|x64.ActiveCfg = Release|x64
		{FF836BF7-2F90-4072-955A-9F37FE66B82D}.Release|x64.Build.0 = Release|x64
		{FF836BF7-2F90-4072-955A-9F37FE66B82D}.Release|x86.ActiveCfg = Release|Win32
		{FF836BF7-2F90-4072-955A-9F37FE66B82D}.Release|x86.Build.0 = Release|Win32
		{8889453F-511C-42CA-8D36-50F3A643820E}.Debug|x64.ActiveCfg = Debug|x64
		{8889453F-511C-42CA-8D36-50F3A643820E}.Debug|x64.Build.0 = Debug|x64
		{8889453F-511C-42CA-8D36-50F3A643820E}.Debug|x86.ActiveCfg = Debug|Win32
		{8889453F-511C-42CA-8D36-50F3A643820E}.Debug|x86.Build.0 = Debug|Win32
		{8889453F-511C-42CA-8D36-50F3A643820E}.Release|x64.ActiveCfg = Release|x64
		{8889453F-511C-42CA-8D36-50F3A643820E}.Release|x64.Build.0 = Release|x64
		{8889453F-511C-42CA-8D36-50F3A643820E}.Release|x86.ActiveCfg = Release|Win32
		{8889453F-511C-42CA-8D36-50F3A643820E}.Release|x86.Build.0 = Release|Win32
		{A9D6B0D1-7298-4E25-9F5F-58D394CD5D5C}.Debug|x64.ActiveCfg = Debug|x64
		{A9D6B0D1-7298-4E25-9F5F-58D394CD5D5C}.Debug|x64.Build.0 = Debug|x64
		{A9D6B0D1-7298-4E25-9F5F-58D394CD5D5C}.Debug|x86.ActiveCfg = Debug|Win32
		{A9D6B0D1-7298-4E25-9F5F-58D394CD5D5C}.Debug|x86.Build.0 = Debug|Win32
		{A9D6B0D1-7298-4E25-9F5F-58D394CD5D5C}.Release|x64.ActiveCfg = Release|x64
		{A9D6B0D1-7298-4E25-9F5F-58D394CD5D5C}.Release|x64.Build.0 = Release|x64
		{A9D6B0D1-7298-4E25-9F5F-58D394CD5D5C}.Release|x86.ActiveCfg = Release|Win32
		{A9D6B0D1-7298-4E25-9F5F-58D394CD5D5C}.Release|x86.Build.0 = Release|Win32
		{52315E0D-0697-4DCE-BA45-E3D98E50272F}.Debug|x64.ActiveCfg = Debug|x64
		{52315E0D-0697-4DCE-BA45-E3D98E50272F}.Debug|x64.Build.0 = Debug|x64
		{52315E0D-0697-4DCE-BA45-E3D98E50272F}.Debug|x86.ActiveCfg = Debug|Win32
		{52315E0D-0697-4DCE-BA45-E3D98E50272F}.Debug|x86.Build.0 = Debug|Win32
		{52315E0D-0697-4DCE-BA45-E3D98E50272F}.Release|x64.ActiveCfg = Release|x64
		{52315E0D-0697-4DCE-BA45-E3D98E50272F}.Release|x64.Build.0 = Release|x64
		{52315E0D-0697-4DCE-BA45-E3D98E50272F}.Release|x86.ActiveCfg = Release|Win32
		{52315E0D-0697-4DCE-BA45-E3D98E50272F}.Release|x86.Build.0 = Release|Win32
		{7BD34A2B-F35B-45A5-8E9E-D095D1B3F951}.Debug|x64.ActiveCfg = Debug|x64
		{7BD34A2B-F35B-45A5-8E9E-D095D1B3F951}.Debug|x64.Build.0 = Debug|x64
		{7BD34A2B-F35B-45A5-8E9E-D095D1B3F951}.Debug|x86.ActiveCfg = Debug|Win32
		{7BD34A2B-F35B-45A5-8E9E-D095D1B3F951}.Debug|x86.Build.0 = Debug|Win32
		{7BD34A2B-F35B-45A5-8E9E-D095D1B3F951}.Release|x64.ActiveCfg = Release|x64
		{7BD34A2B-F35B-45A5-8E9E-D095D1B3F951}.Release|x64.Build.0 = Release|x64
		{7BD34A2B-F35B-45A5-8E9E-D095D1B3F951}.Release|x86.ActiveCfg = Release|Win32
		{7BD34A2B-F35B-45A5-8E9E-D095D1B3F951}.Release|x86.Build.0 = Release|Win32
		{3C72ABEB-1261-466C-BB3B-2C671A923850}.Debug|x64.ActiveCfg = Debug|x64
		{3C72ABEB-1261-466C-BB3B-2C671A923850}.Debug|x64.Build.0 = Debug|x64
		{3C72ABEB-1261-466C-BB3B-2C671A923850}.Debug|x86.ActiveCfg = Debug|Win32
		{3C72ABEB-1261-466C-BB3B-2C671A923850}.Debug|x86.Build.0 = Debug|Win32
		{3C72ABEB-1261-466C-BB3B-2C671A923850}.Release|x64.ActiveCfg = Release|x64
		{3C72ABEB-1261-466C-BB3B-2C671A923850}.Release|x64.Build.0 = Release|x64
		{3C72ABEB-1261-466C-BB3B-2C671A923850}.Release|x86.ActiveCfg = Release|Win32
		{3C72ABEB-1261-466C-BB3B-2C671A923850}.Release|x86.Build.0 = Release|Win32
		{C26CB23E-989E-4276-9E66-04D97F29FD22}.Debug|x64.ActiveCfg = Debug|x64
		{C26CB23E-989E-4276-9E66-04D97F29FD22}.Debug|x64.Build.0 = Debug|x64
		{C26CB23E-989E-4276-9E66-04D97F29FD22}.Debug|x86.ActiveCfg = Debug|Win32
		{C26CB23E-989E-4276-9E66-04D97F29FD22}.Debug|x86.Build.0 = Debug|Win32
		{C26CB23E-989E-4276-9E66-04D97F29FD22}.Release|x64.ActiveCfg = Release|x64
		{C26CB23E-989E-4276-9E66-04D97F29FD22}.Release|x64.Build.0 = Release|x64
		{C26CB23E-989E-4276-9E66-04D97F29FD22}.Release|x86.ActiveCfg = Release|Win32
		{C26CB23E-989E-4276-9E66-04D97F29FD22}.Release|x86.Build.0 = Release|Win32
		{8EE0A205-9985-46F7-BF4C-B4F95BFA609C}.Debug|x64.ActiveCfg = Debug|x64
		{8EE0A205-9985-46F7-BF4C-B4F95BFA609C}.Debug|x64.Build.0 = Debug|x64
		{8EE0A205-9985-46F7-BF4C-B4F95BFA609C}.Debug|x86.ActiveCfg = Debug|Win32
		{8EE0A205-9985-46F7-BF4C-B4F95BFA609C}.Debug|x86.Build.0 = Debug|Win32
		{8EE0A205-9985-46F7-BF4C-B4F95BFA609C}.Release|x64.ActiveCfg = Release|x64
		{8EE0A205-9985-46F7-BF4C-B4F95BFA609C}.Release|x64.Build.0 = Release|x64
		{8EE0A205-9985-46F7-BF4C-B4F95BFA609C}.Release|x86.ActiveCfg = Release|Win32
		{8EE0A205-9985-46F7-BF4C-B4F95BFA609C}.Release|x86.Build.0 = Release|Win32
		{DAD4C8EF-748F-4FD3-A883-666204721675}.Debug|x64.ActiveCfg = Debug|x64
		{DAD4C8EF-748F-4FD3-A883-666204721675}.Debug|x64.Build.0 = Debug|x64
		{DAD4C8EF-748F-4FD3-A883-666204721675}.Debug|x86.ActiveCfg = Debug|Win32
		{DAD4C8EF-748F-4FD3-A883-666204721675}.Debug|x86.Build.0 = Debug|Win32
		{DAD4C8EF-748F-4FD3-A883-666204721675}.Release|x64.ActiveCfg = Release|x64
		{DAD4C8EF-748F-4FD3-A883-666204721675}.Release|x64.Build.0 = Release|x64
		{DAD4C8EF-748F-4FD3-A883-666204721675}.Release|x86.ActiveCfg = Release|Win32
		{DAD4C8EF-748F-4FD3-A883-666204721675}.Release|x86.Build.0 = Release|Win32
		{FAC82F2B-E29B-4539-ADFB-3581C2C8B3CC}.Debug|x64.ActiveCfg = Debug|x64
		{FAC82F2B-E29B-4539-ADFB-3581C2C8B3CC}.Debug|x64.Build.0 = Debug|x64
		{FAC82F2B-E29B-4539-ADFB-3581C2C8B3CC}.Debug|x86.ActiveCfg = Debug|Win32
		{FAC82F2B-E29B-4539-ADFB-3581C2C8B3CC}.Debug|x86.Build.0 = Debug|Win32
		{FAC82F2B-E29B-4539-ADFB-3581C2C8B3CC}.Release|x64.ActiveCfg = Release|x64
		{FAC82F2B-E29B-4539-ADFB-3581C2C8B3CC}.Release|x64.Build.0 = Release|x64
		{FAC82F2B-E29B-4539-ADFB-3581C2C8B3CC}.Release|x86.ActiveCfg = Release|Win32
		{FAC82F2B-E29B-4539-ADFB-3581C2C8B3CC}.Release|x86.Build.0 = Release|Win32
		{F35EDEF5-8B89-4D6D-BA39-989D03907080}.Debug|x64.ActiveCfg = Debug|x64
		{F35EDEF5-8B89-4D6D-BA39-989D03907080}.Debug|x64.Build.0 = Debug|x64
		{F35EDEF5-8B89-4D6D-BA39-989D03907080}.Debug|x86.ActiveCfg = Debug|Win32
		{F35EDEF5-8B89-4D6D-BA39-989D03907080}.Debug|x86.Build.0 = Debug|Win32
		{F35EDEF5-8B89-4D6D-BA39-989D03907080}.Release|x64.ActiveCfg = Release|x64
		{F35EDEF5-8B89-4D6D-BA39-989D03907080}.Release|x64.Build.0 = Release|x64
		{F35EDEF5-8B89-4D6D-BA39-989D03907080}.Release|x86.ActiveCfg = Release|Win32
		{F35EDEF5-8B89-4D6D-BA39-989D03907080}.Release|x86.Build.0 = Release|Win32
		{ACC2645B-DCE7-4317-B800-239054171C5B}.Debug|x64.ActiveCfg = Debug|x64
		{ACC2645B-DCE7-4317-B800-239054171C5B}.Debug|x64.Build.0 = Debug|x64
		{ACC2645B-DCE7-4317-B800-239054171C5B}.Debug|x86.ActiveCfg = Debug|Win32
		{ACC2645B-DCE7-4317-B800-239054171C5B}.Debug|x86.Build.0 = Debug|Win32
		{ACC2645B-DCE7-4317-B800-239054171C5B}.Release|x64.ActiveCfg = Release|x64
		{ACC2645B-DCE7-4317-B800-239054171C5B}.Release|x64.Build.0 = Release|x64
		{ACC2645B-DCE7-4317-B800-239054171C5B}.Release|x86.ActiveCfg = Release|Win32
		{ACC2645B-DCE7-4317-B800-239054171C5B}.Release|x86.Build.0 = Release|Win32
		{FEB5941A-AAC4-47F2-A464-F5425669EAE7}.Debug|x64.ActiveCfg = Debug|x64
		{FEB5941A-AAC4-47F2-A464-F5425669EAE7}.Debug|x64.Build.0 = Debug|x64
		{FEB5941A-AAC4-47F2-A464-F5425669EAE7}.Debug|x86.ActiveCfg = Debug|Win32
		{FEB5941A-AAC4-47F2-A464-F5425669EAE7}.Debug|x86.Build.0 = Debug|Win32
		{FEB5941A-AAC4-47F2-A464-F5425669EAE7}.Release|x64.ActiveCfg = Release|x64
		{FEB5941A-AAC4-47F2-A464-F5425669EAE7}.Release|x64.Build.0 = Release|x64
		{FEB5941A-AAC4-47F2-A464-F5425669EAE7}.Release|x86.ActiveCfg = Release|Win32
		{FEB5941A-AAC4-47F2-A464-F5425669EAE7}.Release|x86.Build.0 = Release|Win32
		{5D8F110E-C71B-406C-B758-3C868984F1B2}.Debug|x64.ActiveCfg = Debug|x64
		{5D8F110E-C71B-406C-B758-3C868984F1B2}.Debug|x64.Build.0 = Debug|x64
		{5D8F110E-C71B-406C-B758-3C868984F1B2}.Debug|x86.ActiveCfg = Debug|Win32
		{5D8F110E-C71B-406C-B758-3C868984F1B2}.Debug|x86.Build.0 = Debug|Win32
		{5D8F110E-C71B-406C-B758-3C868984F1B2}.Release|x64.ActiveCfg = Release|x64
		{5D8F110E-C71B-406C-B758-3C868984F1B2}.Release|x64.Build.0 = Release|x64
		{5D8F110E-C71B-406C-B758-3C868984F1B2}.Release|x86.ActiveCfg = Release|Win32
		{5D8F110E-C71B-406C-B758-3C868984F1B2}.Release|x86.Build.0 = Release|Win32
		{27015EF1-9DF4-4D04-BCAF-150607C34E3F}.Debug|x64.ActiveCfg = Debug|x64
		{27015EF1-9DF4-4D04-BCAF-150607C34E3F}.Debug|x64.Build.0 = Debug|x64
		{27015EF1-9DF4-4D04-BCAF-150607C34E3F}.Debug|x86.ActiveCfg = Debug|Win32
		{27015EF1-9DF4-4D04-BCAF-150607C34E3F}.Debug|x86.Build.0 = Debug|Win32
		{27015EF1-9DF4-4D04-BCAF-150607C34E3F}.Release|x64.ActiveCfg = Release|x64
		{27015EF1-9DF4-4D04-BCAF-150607C34E3F}.Release|x64.Build.0 = Release|x64
		{27015EF1-9DF4-4D04-BCAF-150607C34E3F}.Release|x86.ActiveCfg = Release|Win32
		{27015EF1-9DF4-4D04-BCAF-150607C34E3F}.Release|x86.Build.0 = Release|Win32
		{19D38AE8-EED9-469D-B36E-8268C9273FDD}.Debug|x64.ActiveCfg = Debug|x64
		{19D38AE8-EED9-469D-B36E-8268C9273FDD}.Debug|x64.Build.0 = Debug|x64
		{19D38AE8-EED9-469D-B36E-8268C9273FDD}.Debug|x86.ActiveCfg = Debug|Win32
		{19D38AE8-EED9-469D-B36E-8268C9273FDD}.Debug|x86.Build.0 = Debug|Win32
		{19D38AE8-EED9-469D-B36E-8268C9273FDD}.Release|x64.ActiveCfg = Release|x64
		{19D38AE8-EED9-469D-B36E-8268C9273FDD}.Release|x64.Build.0 = Release|x64
		{19D38AE8-EED9-469D-B36E-8268C9273FDD}.Release|x86.ActiveCfg = Release|Win32
		{19D38AE8-EED9-469D-B36E-8268C9273FDD}.Release|x86.Build.0 = Release|Win32
		{FCE27D8B-A971-40AE-A2CA-8EB2C4C55711}.Debug|x64.ActiveCfg = Debug|x64
		{FCE27D8B-A971-40AE-A2CA-8EB2C4C55711}.Debug|x64.Build.0 = Debug|x64
		{FCE27D8B-A971-40AE-A2CA-8EB2C4C55711}.Debug|x86.ActiveCfg = Debug|Win32
		{FCE27D8B-A971-40AE-A2CA-8EB2C4C55711}.Debug|x86.Build.0 = Debug|Win32
		{FCE27D8B-A971-40AE-A2CA-8EB2C4C55711}.Release|x64.ActiveCfg = Release|x64
		{FCE27D8B-A971-40AE-A2CA-8EB2C4C55711}.Release|x64.Build.0 = Release|x64
		{FCE27D8B-A971-40AE-A2CA-8EB2C4C55711}.Release|x86.ActiveCfg = Release|Win32
		{FCE27D8B-A971-40AE-A2CA-8EB2C4C55711}.Release|x86.Build.0 = Release|Win32
		{906A8028-AD52-4C5E-89A6-6C85FCDC0C19}.Debug|x64.ActiveCfg = Debug|x64
		{906A8028-AD52-4C5E-89A6-6C85FCDC0C19}.Debug|x64.Build.0 = Debug|x64
		{906A8028-AD52-4C5E-89A6-6C85FCDC0C19}.Debug|x86.ActiveCfg = Debug|Win32
		{906A8028-AD52-4C5E-89A6-6C85FCDC0C19}.Debug|x86.Build.0 = Debug|Win32
		{906A8028-AD52-4C5E-89A6-6C85FCDC0C19}.Release|x64.ActiveCfg = Release|x64
		{906A8028-AD52-4C5E-89A6-6C85FCDC0C19}.Release|x64.Build.0 = Release|x64
		{906A8028-AD52-4C5E-89A6-6C85FCDC0C19}.Release|x86.ActiveCfg = Release|Win32
		{906A8028-AD52-4C5E-89A6-6C85FCDC0C19}.Release|x86.Build.0 = Release|Win32
		{B9B38B23-A738-41D0-88F0-5119ACC26F1A}.Debug|x64.ActiveCfg = Debug|x64
		{B9B38B23-A738-41D0-88F0-5119ACC26F1A}.Debug|x64.Build.0 = Debug|x64
		{B9B38B23-A738-41D0-88F0-5119ACC26F1A}.Debug|x86.ActiveCfg = Debug|Win32
		{B9B38B23-A738-41D0-88F0-5119ACC26F1A}.Debug|x86.Build.0 = Debug|Win32
		{B9B38B23-A738-41D0-88F0-5119ACC26F1A}.Release|x64.ActiveCfg = Release|x64
		{B9B38B23-A738-41D0-88F0-5119ACC26F1A}.Release|x64.Build.0 = Release|x64
		{B9B38B23-A738-41D0-88F0-5119ACC26F1A}.Release|x86.ActiveCfg = Release|Win32
		{B9B38B23-A738-41D0-88F0-5119ACC26F1A}.Release|x86.Build.0 = Release|Win32
		{1F0BFEFD-A6A5-4777-8964-712C75765F30}.Debug|x64.ActiveCfg = Debug|x64
		{1F0BFEFD-A6A5-4777-8964-712C75765F30}.Debug|x64.Build.0 = Debug|x64
		{1F0BFEFD-A6A5-4777-8964-712C75765F30}.Debug|x86.ActiveCfg = Debug|Win32
		{1F0BFEFD-A6A5-4777-8964-712C75765F30}.Debug|x86.Build.0 = Debug|Win32
		{1F0BFEFD-A6A5-4777-8964-712C75765F30}.Release|x64.ActiveCfg = Release|x64
		{1F0BFEFD-A6A5-4777-8964-712C75765F30}.Release|x64.Build.0 = Release|x64
		{1F0BFEFD-A6A5-4777-8964-712C75765F30}.Release|x86.ActiveCfg = Release|Win32
		{1F0BFEFD-A6A5-4777-8964-712C75765F30}.Release|x86.Build.0 = Release|Win32
		{39CF8438-5B13-4C99-AE85-1D5BEFE08E60}.Debug|x64.ActiveCfg = Debug|x64
		{39CF8438-5B13-4C99-AE85-1D5BEFE08E60}.Debug|x64.Build.0 = Debug|x64
		{39CF8438-5B13-4C99-AE85-1D5BEFE08E60}.Debug|x86.ActiveCfg = Debug|Win32
		{39CF8438-5B13-4C99-AE85-1D5BEFE08E60}.Debug|x86.Build.0 = Debug|Win32
		{39CF8438-5B13-4C99-AE85-1D5BEFE08E60}.Release|x64.ActiveCfg = Release|x64
		{39CF8438-5B13-4C99-AE85-1D5BEFE08E60}.Release|x64.Build.0 = Release|x64
		{39CF8438-5B13-4C99-AE85-1D5BEFE08E60}.Release|x86.ActiveCfg = Release|Win32
		{39CF8438-5B13-4C99-AE85-1D5BEFE08E60}.Release|x86.Build.0 = Release|Win32
		{1B3785B0-565B-4E1D-9771-F8410F97A9BD}.Debug|x64.ActiveCfg = Debug|x64
		{1B3785B0-565B-4E1D-9771-F8410F97A9BD}.Debug|x64.Build.0 = Debug|x64
		{1B3785B0-565B-4E1D-9771-F8410F97A9BD}.Debug|x86.ActiveCfg = Debug|Win32
		{1B3785B0-565B-4E1D-9771-F8410F97A9BD}.Debug|x86.Build.0 = Debug|Win32
		{1B3785B0-565B-4E1D-9771-F8410F97A9BD}.Release|x64.ActiveCfg = Release|x64
		{1B3785B0-565B-4E1D-9771-F8410F97A9BD}.Release|x64.Build.0 = Release|x64
		{1B3785B0-565B-4E1D-9771-F8410F97A9BD}.Release|x86.ActiveCfg = Release|Win32
		{1B3785B0-565B-4E1D-9771-F8410F97A9BD}.Release|x86.Build.0 = Release|Win32
		{0741DC99-707A-485D-AB03-BA747068AB51}.Debug|x64.ActiveCfg = Debug|x64
		{0741DC99-707A-485D-AB03-BA747068AB51}.Debug|x64.Build.0 = Debug|x64
		{0741DC99-707A-485D-AB03-BA747068AB51}.Debug|x86.ActiveCfg = Debug|Win32
		{0741DC99-707A-485D-AB03-BA747068AB51}.Debug|x86.Build.0 = Debug|Win32
		{0741DC99-707A-485D-AB03-BA747068AB51}.Release|x64.ActiveCfg = Release|x64
		{0741DC99-707A-485D-AB03-BA747068AB51}.Release|x64.Build.0 = Release|x64
		{0741DC99-707A-485D-AB03-BA747068AB51}.Release|x86.ActiveCfg = Release|Win32
		{0741DC99-707A-485D-AB03-BA747068AB51}.Release|x86.Build.0 = Release|Win32
		{BEC1D0D4-DF2D-423A-8467-99B78F8185B8}.Debug|x64.ActiveCfg = Debug|x64
		{BEC1D0D4-DF2D-423A-8467-99B78F8185B8}.Debug|x64.Build.0 = Debug|x64
		{BEC1D0D4-DF2D-423A-8467-99B78F8185B8}.Debug|x86.ActiveCfg = Debug|Win32
		{BEC1D0D4-DF2D-423A-8467-99B78F8185B8}.Debug|x86.Build.0 = Debug|Win32
		{BEC1D0D4-DF2D-423A-8467-99B78F8185B8}.Release|x64.ActiveCfg = Release|x64
		{BEC1D0D4-DF2D-423A-8467-99B78F8185B8}.Release|x64.Build.0 = Release|x64
		{BEC1D0D4-DF2D-423A-8467-99B78F8185B8}.Release|x86.ActiveCfg = Release|Win32
		{BEC1D0D4-DF2D-423A-8467-99B78F8185B8}.Release|x86.Build.0 = Release|Win32
		{20EF96C8-F06E-4251-9918-C503C1D4B405}.Debug|x64.ActiveCfg = Debug|x64
		{20EF96C8-F06E-4251-9918-C503C1D4B405}.Debug|x64.Build.0 = Debug|x64
		{20EF96C8-F06E-4251-9918-C503C1D4B405}.Debug|x86.ActiveCfg = Debug|Win32
		{20EF96C8-F06E-4251-9918-C503C1D4B405}.Debug|x86.Build.0 = Debug|Win32
		{20EF96C8-F06E-4251-9918-C503C1D4B405}.Release|x64.ActiveCfg = Release|x64
		{20EF96C8-F06E-4251-9918-C503C1D4B405}.Release|x64.Build.0 = Release|x64
		{20EF96C8-F06E-4251-9918-C503C1D4B405}.Release|x86.ActiveCfg = Release|Win32
		{20EF96C8-F06E-4251-9918-C503C1D4B405}.Release|x86.Build.0 = Release|Win32
		{5B6D40BF-2A7D-4394-B6EA-1F6AFEF2DFB9}.Debug|x64.ActiveCfg = Debug|x64
		{5B6D40BF-2A7D-4394-B6EA-1F6AFEF2DFB9}.Debug|x64.Build.0 = Debug|x64
		{5B6D40BF-2A7D-4394-B6EA-1F6AFEF2DFB9}.Debug|x86.ActiveCfg = Debug|Win32
		{5B6D40BF-2A7D-4394-B6EA-1F6AFEF2DFB9}.Debug|x86.Build.0 = Debug|Win32
		{5B6D40BF-2A7D-4394-B6EA-1F6AFEF2DFB9}.Release|x64.ActiveCfg = Release|x64
		{5B6D40BF-2A7D-4394-B6EA-1F6AFEF2DFB9}.Release|x64.Build.0 = Release|x64
		{5B6D40BF-2A7D-4394-B6EA-1F6AFEF2DFB9}.Release|x86.ActiveCfg = Release|Win32
		{5B6D40BF-2A7D-4394-B6EA-1F6AFEF2DFB9}.Release|x86.Build.0 = Release|Win32
		{3724449F-8E62-489C-8B13-FA0987961CC3}.Debug|x64.ActiveCfg = Debug|x64
		{3724449F-8E62-489C-8B13-FA0987961CC3}.Debug|x64.Build.0 = Debug|x64
		{3724449F-8E62-489C-8B13-FA0987961CC3}.Debug|x86.ActiveCfg = Debug|Win32
		{3724449F-8E62-489C-8B13-FA0987961CC3}.Debug|x86.Build.0 = Debug|Win32
		{3724449F-8E62-489C-8B13-FA0987961CC3}.Release|x64.ActiveCfg = Release|x64
		{3724449F-8E62-489C-8B13-FA0987961CC3}.Release|x64.Build.0 = Release|x64
		{3724449F-8E62-489C-8B13-FA0987961CC3}.Release|x86.ActiveCfg = Release|Win32
		{3724449F-8E62-489C-8B13-FA0987961CC3}.Release|x86.Build.0 = Release|Win32
		{287DD17E-A8F7-48F8-9430-C4137116552A}.Debug|x64.ActiveCfg = Debug|x64
		{287DD17E-A8F7-48F8-9430-C4137116552A}.Debug|x64.Build.0 = Debug|x64
		{287DD17E-A8F7-48F8-9430-C4137116552A}.Debug|x86.ActiveCfg = Debug|Win32
		{287DD17E-A8F7-48F8-9430-C4137116552A}.Debug|x86.Build.0 = Debug|Win32
		{287DD17E-A8F7-48F8-9430-C4137116552A}.Release|x64.ActiveCfg = Release|x64
		{287DD17E-A8F7-48F8-9430-C4137116552A}.Release|x64.Build.0 = Release|x64
		{287DD17E-A8F7-48F8-9430-C4137116552A}.Release|x86.ActiveCfg = Release|Win32
		{287DD17E-A8F7-48F8-9430-C4137116552A}.Release|x86.Build.0 = Release|Win32
		{CEA45952-FD38-4E7A-B251-B024E77AF47B}.Debug|x64.ActiveCfg = Debug|x64
		{CEA45952-FD38-4E7A-B251-B024E77AF47B}.Debug|x64.Build.0 = Debug|x64
		{CEA45952-FD38-4E7A-B251-B024E77AF47B}.Debug|x86.ActiveCfg = Debug|Win32
		{CEA45952-FD38-4E7A-B251-B024E77AF47B}.Debug|x86.Build.0 = Debug|Win32
		{CEA45952-FD38-4E7A-B251-B024E77AF47B}.Release|x64.ActiveCfg = Release|x64
		{CEA45952-FD38-4E7A-B251-B024E77AF47B}.Release|x64.Build.0 = Release|x64
		{CEA45952-FD38-4E7A-B251-B024E77AF47B}.Release|x86.ActiveCfg = Release|Win32
		{CEA45952-FD38-4E7A-B251-B024E77AF47B}.Release|x86.Build.0 = Release|Win32
		{043791D0-D493-4A46-A066-DB9E187093E3}.Debug|x64.ActiveCfg = Debug|x64
		{043791D0-D493-4A46-A066-DB9E187093E3}.Debug|x64.Build.0 = Debug|x64
		{043791D0-D493-4A46-A066-DB9E187093E3}.Debug|x86.ActiveCfg = Debug|Win32
		{043791D0-D493-4A46-A066-DB9E187093E3}.Debug|x86.Build.0 = Debug|Win32
		{043791D0-D493-4A46-A066-DB9E187093E3}.Release|x64.ActiveCfg = Release|x64
		{043791D0-D493-4A46-A066-DB9E187093E3}.Release|x64.Build.0 = Release|x64
		{043791D0-D493-4A46-A066-DB9E187093E3}.Release|x86.ActiveCfg = Release|Win32
		{043791D0-D493-4A46-A066-DB9E187093E3}.Release|x86.Build.0 = Release|Win32
		{89B46C38-47F8-4835-86E7-683A66B75945}.Debug|x64.ActiveCfg = Debug|x64
		{89B46C38-47F8-4835-86E7-683A66B75945}.Debug|x64.Build.0 = Debug|x64
		{89B46C38-47F8-4835-86E7-683A66B75945}.Debug|x86.ActiveCfg = Debug|Win32
		{89B46C38-47F8-4835-86E7-683A66B75945}.Debug|x86.Build.0 = Debug|Win32
		{89B46C38-47F8-4835-86E7-683A66B75945}.Release|x64.ActiveCfg = Release|x64
		{89B46C38-47F8-4835-86E7-683A66B75945}.Release|x64.Build.0 = Release|x64
		{89B46C38-47F8-4835-86E7-683A66B75945}.Release|x86.ActiveCfg = Release|Win32
		{89B46C38-47F8-4835-86E7-683A66B75945}.Release|x86.Build.0 = Release|Win32
		{C45118F2-36E0-449F-9AE0-1D3D80BFEE37}.Debug|x64.ActiveCfg = Debug|x64
		{C45118F2-36E0-449F-9AE0-1D3D80BFEE37}.Debug|x64.Build.0 = Debug|x64
		{C45118F2-36E0-449F-9AE0-1D3D80BFEE37}.Debug|x86.ActiveCfg = Debug|Win32
		{C45118F2-36E0-449F-9AE0-1D3D80BFEE37}.Debug|x86.Build.0 = Debug|Win32
		{C45118F2-36E0-449F-9AE0-1D3D80BFEE37}.Release|x64.ActiveCfg = Release|x64
		{C45118F2-36E0-449F-9AE0-1D3D80BFEE37}.Release|x64.Build.0 = Release|x64
		{C45118F2-36E0-449F-9AE0-1D3D80BFEE37}.Release|x86.ActiveCfg = Release|Win32
		{C45118F2-36E0-449F-9AE0-1D3D80BFEE37}.Release|x86.Build.0 = Release|Win32
		{AB556972-D921-488E-887B-C6DCDB4CFBFE}.Debug|x64.ActiveCfg = Debug|x64
		{AB556972-D921-488E-887B-C6DCDB4CFBFE}.Debug|x64.Build.0 = Debug|x64
		{AB556972-D921-488E-887B-C6DCDB4CFBFE}.Debug|x86.ActiveCfg = Debug|Win32
		{AB556972-D921-488E-887B-C6DCDB4CFBFE}.Debug|x86.Build.0 = Debug|Win32
		{AB556972-D921-488E-887B-C6DCDB4CFBFE}.Release|x64.ActiveCfg = Release|x64
		{AB556972-D921-488E-887B-C6DCDB4CFBFE}.Release|x64.Build.0 = Release|x64
		{AB556972-D921-488E-887B-C6DCDB4CFBFE}.Release|x86.ActiveCfg = Release|Win32
		{AB556972-D921-488E-887B-C6DCDB4CFBFE}.Release|x86.Build.0 = Release|Win32
		{2B89784C-F3D2-499E-AEFB-4B97C61F2786}.Debug|x64.ActiveCfg = Debug|x64
		{2B89784C-F3D2-499E-AEFB-4B97C61F2786}.Debug|x64.Build.0 = Debug|x64
		{2B89784C-F3D2-499E-AEFB-4B97C61F2786}.Debug|x86.ActiveCfg = Debug|Win32
		{2B89784C-F3D2-499E-AEFB-4B97C61F2786}.Debug|x86.Build.0 = Debug|Win32
		{2B89784C-F3D2-499E-AEFB-4B97C61F2786}.Release|x64.ActiveCfg = Release|x64
		{2B89784C-F3D2-499E-AEFB-4B97C61F2786}.Release|x64.Build.0 = Release|x64
		{2B89784C-F3D2-499E-AEFB-4B97C61F2786}.Release|x86.ActiveCfg = Release|Win32
		{2B89784C-F3D2-499E-AEFB-4B97C61F2786}.Release|x86.Build.0 = Release|Win32
		{52378D40-B3F5-4937-A69A-CF73D542178A}.Debug|x64.ActiveCfg = Debug|x64
		{52378D40-B3F5-4937-A69A-CF73D542178A}.Debug|x64.Build.0 = Debug|x64
		{52378D40-B3F5-4937-A69A-CF73D542178A}.Debug|x86.ActiveCfg = Debug|Win32
		{52378D40-B3F5-4937-A69A-CF73D542178A}.Debug|x86.Build.0 = Debug|Win32
		{52378D40-B3F5-4937-A69A-CF73D542178A}.Release|x64.ActiveCfg = Release|x64
		{52378D40-B3F5-4937-A69A-CF73D542178A}.Release|x64.Build.0 = Release|x64
		{52378D40-B3F5-4937-A69A-CF73D542178A}.Release|x86.ActiveCfg = Release|Win32
		{52378D40-B3F5-4937-A69A-CF73D542178A}.Release|x86.Build.0 = Release|Win32
		{3E44FEA1-39D8-46C5-8DFB-8B9A62AC4426}.Debug|x64.ActiveCfg = Debug|x64
		{3E44FEA1-39D8-46C5-8DFB-8B9A62AC4426}.Debug|x64.Build.0 = Debug|x64
		{3E44FEA1-39D8-46C5-8DFB-8B9A62AC4426}.Debug|x86.ActiveCfg = Debug|Win32
		{3E44FEA1-39D8-46C5-8DFB-8B9A62AC4426}.Debug|x86.Build.0 = Debug|Win32
		{3E44FEA1-39D8-46C5-8DFB-8B9A62AC4426}.Release|x64.ActiveCfg = Release|x64
		{3E44FEA1-39D8-46C5-8DFB-8B9A62AC4426}.Release|x64.Build.0 = Release|x64
		{3E44FEA1-39D8-46C5-8DFB-8B9A62AC4426}.Release|x86.ActiveCfg = Release|Win32
		{3E44FEA1-39D8-46C5-8DFB-8B9A62AC4426}.Release|x86.Build.0 = Release|Win32
		{6DA097CC-4254-4AF3-B9B8-6B9FA07CDCC4}.Debug|x64.ActiveCfg = Debug|x64
		{6DA097CC-4254-4AF3-B9B8-6B9FA07CDCC4}.Debug|x64.Build.0 = Debug|x64
		{6DA097CC-4254-4AF3-B9B8-6B9FA07CDCC4}.Debug|x86.ActiveCfg = Debug|Win32
		{6DA097CC-4254-4AF3-B9B8-6B9FA07CDCC4}.Debug|x86.Build.0 = Debug|Win32
		{6DA097CC-4254-4AF3-B9B8-6B9FA07CDCC4}.Release|x64.ActiveCfg = Release|x64
		{6DA097CC-4254-4AF3-B9B8-6B9FA07CDCC4}.Release|x64.Build.0 = Release|x64
		{6DA097CC-4254-4AF3-B9B8-6B9FA07CDCC4}.Release|x86.ActiveCfg = Release|Win32
		{6DA097CC-4254-4AF3-B9B8-6B9FA07CDCC4}.Release|x86.Build.0 = Release|Win32
		{AE52B5B1-30E7-4DD4-AFB9-AFA7D6CA1F00}.Debug|x64.ActiveCfg = Debug|x64
		{AE52B5B1-30E7-4DD4-AFB9-AFA7D6CA1F00}.Debug|x64.Build.0 = Debug|x64
		{AE52B5B1-30E7-4DD4-AFB9-AFA7D6CA1F00}.Debug|x86.ActiveCfg = Debug|Win32
		{AE52B5B1-30E7-4DD4-AFB9-AFA7D6CA1F00}.Debug|x86.Build.0 = Debug|Win32
		{AE52B5B1-30E7-4DD4-AFB9-AFA7D6CA1F00}.Release|x64.ActiveCfg = Release|x64
		{AE52B5B1-30E7-4DD4-AFB9-AFA7D6CA1F00}.Release|x64.Build.0 = Release|x64
		{AE52B5B1-30E7-4DD4-AFB9-AFA7D6CA1F00}.Release|x86.ActiveCfg = Release|Win32
		{AE52B5B1-30E7-4DD4-AFB9-AFA7D6CA1F00}.Release|x86.Build.0 = Release|Win32
		{E0282E1F-C869-430E-8A4F-53C2E317CF22}.Debug|x64.ActiveCfg = Debug|x64
		{E0282E1F-C869-430E-8A4F-53C2E317CF22}.Debug|x64.Build.0 = Debug|x64
		{E0282E1F-C869-430E-8A4F-53C2E317CF22}.Debug|x86.ActiveCfg = Debug|Win32
		{E0282E1F-C869-430E-8A4F-53C2E317CF22}.Debug|x86.Build.0 = Debug|Win32
		{E0282E1F-C869-430E-8A4F-53C2E317CF22}.Release|x64.ActiveCfg = Release|x64
		{E0282E1F-C869-430E-8A4F-53C2E317CF22}.Release|x64.Build.0 = Release|x64
		{E0282E1F-C869-430E-8A4F-53C2E317CF22}.Release|x86.ActiveCfg = Release|Win32
		{E0282E1F-C869-430E-8A4F-53C2E317CF22}.Release|x86.Build.0 = Release|Win32
		{DB4D3D3A-BD5E-4600-BE23-4E88CDF977B2}.Debug|x64.ActiveCfg = Debug|x64
		{DB4D3D3A-BD5E-4600-BE23-4E88CDF977B2}.Debug|x64.Build.0 = Debug|x64
		{DB4D3D3A-BD5E-4600-BE23-4E88CDF977B2}.Debug|x86.ActiveCfg = Debug|Win32
		{DB4D3D3A-BD5E-4600-BE23-4E88CDF977B2}.Debug|x86.Build.0 = Debug|Win32
		{DB4D3D3A-BD5E-4600-BE23-4E88CDF977B2}.Release|x64.ActiveCfg = Release|x64
		{DB4D3D3A-BD5E-4600-BE23-4E88CDF977B2}.Release|x64.Build.0 = Release|x64
		{DB4D3D3A-BD5E-4600-BE23-4E88CDF977B2}.Release|x86.ActiveCfg = Release|Win32
		{DB4D3D3A-BD5E-4600-BE23-4E88CDF977B2}.Release|x86.Build.0 = Release|Win32
	EndGlobalSection
	GlobalSection(SolutionProperties) = preSolution
		HideSolutionNode = FALSE
	EndGlobalSection
	GlobalSection(ExtensibilityGlobals) = postSolution
		SolutionGuid = {96CFB297-0681-42DD-9AE4-1B5A1E96E421}
	EndGlobalSection
EndGlobal
